
Microsoft Visual Studio Solution File, Format Version 12.00
# Visual Studio Version 17
VisualStudioVersion = 17.9.34607.119
MinimumVisualStudioVersion = 10.0.40219.1
Project("{FAE04EC0-301F-11D3-BF4B-00C04F79EFBC}") = "Importar", "Importar.csproj", "{8A5F5E2F-F332-4155-B2BA-8D6E9AA73D1E}"
EndProject
Global
	GlobalSection(SolutionConfigurationPlatforms) = preSolution
		Debug|Any CPU = Debug|Any CPU
		Release|Any CPU = Release|Any CPU
	EndGlobalSection
	GlobalSection(ProjectConfigurationPlatforms) = postSolution
		{8A5F5E2F-F332-4155-B2BA-8D6E9AA73D1E}.Debug|Any CPU.ActiveCfg = Debug|Any CPU
		{8A5F5E2F-F332-4155-B2BA-8D6E9AA73D1E}.Debug|Any CPU.Build.0 = Debug|Any CPU
		{8A5F5E2F-F332-4155-B2BA-8D6E9AA73D1E}.Release|Any CPU.ActiveCfg = Release|Any CPU
		{8A5F5E2F-F332-4155-B2BA-8D6E9AA73D1E}.Release|Any CPU.Build.0 = Release|Any CPU
	EndGlobalSection
	GlobalSection(SolutionProperties) = preSolution
		HideSolutionNode = FALSE
	EndGlobalSection
	GlobalSection(ExtensibilityGlobals) = postSolution
		SolutionGuid = {90A1BBAD-D94B-48B9-B58F-20160DAB937A}
	EndGlobalSection
EndGlobal
